
Microsoft Visual Studio Solution File, Format Version 12.00
# Visual Studio Version 17
VisualStudioVersion = 17.3.32922.545
MinimumVisualStudioVersion = 10.0.40219.1
Project("{9A19103F-16F7-4668-BE54-9A1E7A4F7556}") = "ZiggoModemClient", "ZiggoModemClient\ZiggoModemClient.csproj", "{2899F4C1-CFBD-4F77-B195-6457CF2EA91F}"
EndProject
Project("{9A19103F-16F7-4668-BE54-9A1E7A4F7556}") = "ZiggoModemClient.Web", "ZiggoModemClient.Web\ZiggoModemClient.Web.csproj", "{A72DC662-AA4A-4F8D-AA09-3AFC2E757FCF}"
EndProject
Global
	GlobalSection(SolutionConfigurationPlatforms) = preSolution
		Debug|Any CPU = Debug|Any CPU
		Release|Any CPU = Release|Any CPU
	EndGlobalSection
	GlobalSection(ProjectConfigurationPlatforms) = postSolution
		{2899F4C1-CFBD-4F77-B195-6457CF2EA91F}.Debug|Any CPU.ActiveCfg = Debug|Any CPU
		{2899F4C1-CFBD-4F77-B195-6457CF2EA91F}.Debug|Any CPU.Build.0 = Debug|Any CPU
		{2899F4C1-CFBD-4F77-B195-6457CF2EA91F}.Release|Any CPU.ActiveCfg = Release|Any CPU
		{2899F4C1-CFBD-4F77-B195-6457CF2EA91F}.Release|Any CPU.Build.0 = Release|Any CPU
		{A72DC662-AA4A-4F8D-AA09-3AFC2E757FCF}.Debug|Any CPU.ActiveCfg = Debug|Any CPU
		{A72DC662-AA4A-4F8D-AA09-3AFC2E757FCF}.Debug|Any CPU.Build.0 = Debug|Any CPU
		{A72DC662-AA4A-4F8D-AA09-3AFC2E757FCF}.Release|Any CPU.ActiveCfg = Release|Any CPU
		{A72DC662-AA4A-4F8D-AA09-3AFC2E757FCF}.Release|Any CPU.Build.0 = Release|Any CPU
	EndGlobalSection
	GlobalSection(SolutionProperties) = preSolution
		HideSolutionNode = FALSE
	EndGlobalSection
	GlobalSection(ExtensibilityGlobals) = postSolution
		SolutionGuid = {D8AD1BB0-96C5-40B9-A116-91222068A5B8}
	EndGlobalSection
EndGlobal
